{
    "name": "@egofoxlab/chat",
    "version": "1.0.0",
    "lockfileVersion": 1,
    "requires": true,
    "dependencies": {
        "@egofoxlab/util": {
            "version": "1.0.5",
            "resolved": "https://registry.npmjs.org/@egofoxlab/util/-/util-1.0.5.tgz",
            "integrity": "sha512-9opvuIwlJutsq6uOaOFnfw79V4qEqeqPFG5131PfjkGmLW6+DvSB70kHIkxCCnOBgTpe7xv7L6l/Ky5+7dWX7Q=="
        }
    }
}
